
Microsoft Visual Studio Solution File, Format Version 12.00
# Visual Studio 15
VisualStudioVersion = 15.0.28307.136
MinimumVisualStudioVersion = 10.0.40219.1
Project("{9A19103F-16F7-4668-BE54-9A1E7A4F7556}") = "Identity.svr", "Identity.svr\Identity.svr.csproj", "{44956A5E-FBE2-4EAF-811C-6E268B9EFC2E}"
EndProject
Project("{9A19103F-16F7-4668-BE54-9A1E7A4F7556}") = "BankAPI", "BankAPI\BankAPI.csproj", "{862FD747-9B8D-4542-94C3-179A9FD13E20}"
EndProject
Project("{9A19103F-16F7-4668-BE54-9A1E7A4F7556}") = "ConsoleClient", "ConsoleClient\ConsoleClient.csproj", "{CCE88A07-DABD-46A7-A570-FB2D06B9A284}"
EndProject
Project("{FAE04EC0-301F-11D3-BF4B-00C04F79EFBC}") = "MvcClient", "MvcClient\MvcClient.csproj", "{749C95CD-76A2-4481-8239-9C27F0ABC973}"
EndProject
Global
	GlobalSection(SolutionConfigurationPlatforms) = preSolution
		Debug|Any CPU = Debug|Any CPU
		Release|Any CPU = Release|Any CPU
	EndGlobalSection
	GlobalSection(ProjectConfigurationPlatforms) = postSolution
		{44956A5E-FBE2-4EAF-811C-6E268B9EFC2E}.Debug|Any CPU.ActiveCfg = Debug|Any CPU
		{44956A5E-FBE2-4EAF-811C-6E268B9EFC2E}.Debug|Any CPU.Build.0 = Debug|Any CPU
		{44956A5E-FBE2-4EAF-811C-6E268B9EFC2E}.Release|Any CPU.ActiveCfg = Release|Any CPU
		{44956A5E-FBE2-4EAF-811C-6E268B9EFC2E}.Release|Any CPU.Build.0 = Release|Any CPU
		{862FD747-9B8D-4542-94C3-179A9FD13E20}.Debug|Any CPU.ActiveCfg = Debug|Any CPU
		{862FD747-9B8D-4542-94C3-179A9FD13E20}.Debug|Any CPU.Build.0 = Debug|Any CPU
		{862FD747-9B8D-4542-94C3-179A9FD13E20}.Release|Any CPU.ActiveCfg = Release|Any CPU
		{862FD747-9B8D-4542-94C3-179A9FD13E20}.Release|Any CPU.Build.0 = Release|Any CPU
		{CCE88A07-DABD-46A7-A570-FB2D06B9A284}.Debug|Any CPU.ActiveCfg = Debug|Any CPU
		{CCE88A07-DABD-46A7-A570-FB2D06B9A284}.Debug|Any CPU.Build.0 = Debug|Any CPU
		{CCE88A07-DABD-46A7-A570-FB2D06B9A284}.Release|Any CPU.ActiveCfg = Release|Any CPU
		{CCE88A07-DABD-46A7-A570-FB2D06B9A284}.Release|Any CPU.Build.0 = Release|Any CPU
		{749C95CD-76A2-4481-8239-9C27F0ABC973}.Debug|Any CPU.ActiveCfg = Debug|Any CPU
		{749C95CD-76A2-4481-8239-9C27F0ABC973}.Debug|Any CPU.Build.0 = Debug|Any CPU
		{749C95CD-76A2-4481-8239-9C27F0ABC973}.Release|Any CPU.ActiveCfg = Release|Any CPU
		{749C95CD-76A2-4481-8239-9C27F0ABC973}.Release|Any CPU.Build.0 = Release|Any CPU
	EndGlobalSection
	GlobalSection(SolutionProperties) = preSolution
		HideSolutionNode = FALSE
	EndGlobalSection
	GlobalSection(ExtensibilityGlobals) = postSolution
		SolutionGuid = {F14B36F3-0423-46D2-AB37-32D12998EABA}
	EndGlobalSection
EndGlobal
